
Microsoft Visual Studio Solution File, Format Version 12.00
# Visual Studio Version 17
VisualStudioVersion = 17.3.32811.315
MinimumVisualStudioVersion = 10.0.40219.1
Project("{FAE04EC0-301F-11D3-BF4B-00C04F79EFBC}") = "qckdev.Authentication.JwtBearer", "qckdev.Authentication.JwtBearer\qckdev.Authentication.JwtBearer.csproj", "{DB79C4BF-AA97-4760-B5F1-3DE23C79D3C0}"
EndProject
Global
	GlobalSection(SolutionConfigurationPlatforms) = preSolution
		Debug|Any CPU = Debug|Any CPU
		Release|Any CPU = Release|Any CPU
	EndGlobalSection
	GlobalSection(ProjectConfigurationPlatforms) = postSolution
		{DB79C4BF-AA97-4760-B5F1-3DE23C79D3C0}.Debug|Any CPU.ActiveCfg = Debug|Any CPU
		{DB79C4BF-AA97-4760-B5F1-3DE23C79D3C0}.Debug|Any CPU.Build.0 = Debug|Any CPU
		{DB79C4BF-AA97-4760-B5F1-3DE23C79D3C0}.Release|Any CPU.ActiveCfg = Release|Any CPU
		{DB79C4BF-AA97-4760-B5F1-3DE23C79D3C0}.Release|Any CPU.Build.0 = Release|Any CPU
	EndGlobalSection
	GlobalSection(SolutionProperties) = preSolution
		HideSolutionNode = FALSE
	EndGlobalSection
	GlobalSection(ExtensibilityGlobals) = postSolution
		SolutionGuid = {36093CEF-6E85-4CDF-BEF6-A6933D960CC0}
	EndGlobalSection
EndGlobal
